{
  "name": "Client",
  "lockfileVersion": 2,
  "requires": true,
  "packages": {
    "": {
      "dependencies": {
        "konva": "^8.3.11"
      }
    },
    "node_modules/konva": {
      "version": "8.3.11",
      "resolved": "https://registry.npmjs.org/konva/-/konva-8.3.11.tgz",
      "integrity": "sha512-5PsE3oQYnzwwUUCv8gV2zpLjenotqLy0AmXauyy9GPi+UHIynmLkrsAIZfEkjPNEgAwmh5r6I0JQa1fTt8ZrGw==",
      "funding": [
        {
          "type": "patreon",
          "url": "https://www.patreon.com/lavrton"
        },
        {
          "type": "opencollective",
          "url": "https://opencollective.com/konva"
        },
        {
          "type": "github",
          "url": "https://github.com/sponsors/lavrton"
        }
      ]
    }
  },
  "dependencies": {
    "konva": {
      "version": "8.3.11",
      "resolved": "https://registry.npmjs.org/konva/-/konva-8.3.11.tgz",
      "integrity": "sha512-5PsE3oQYnzwwUUCv8gV2zpLjenotqLy0AmXauyy9GPi+UHIynmLkrsAIZfEkjPNEgAwmh5r6I0JQa1fTt8ZrGw=="
    }
  }
}
